
Microsoft Visual Studio Solution File, Format Version 12.00
# Visual Studio 15
VisualStudioVersion = 15.0.27130.2010
MinimumVisualStudioVersion = 10.0.40219.1
Project("{FAE04EC0-301F-11D3-BF4B-00C04F79EFBC}") = "UWPReactiveUIv8.UWP", "src\UWPReactiveUIv8.UWP\UWPReactiveUIv8.UWP.csproj", "{EE21FA70-D5B1-4C46-A8C8-E7B0F577AC4C}"
EndProject
Project("{9A19103F-16F7-4668-BE54-9A1E7A4F7556}") = "UWPReactiveUIv8", "src\UWPReactiveUIv8\UWPReactiveUIv8.csproj", "{A1346E76-052C-4CA6-82D9-343A9372E5CF}"
EndProject
Global
	GlobalSection(SolutionConfigurationPlatforms) = preSolution
		Debug|Any CPU = Debug|Any CPU
		Debug|ARM = Debug|ARM
		Debug|x64 = Debug|x64
		Debug|x86 = Debug|x86
		Release|Any CPU = Release|Any CPU
		Release|ARM = Release|ARM
		Release|x64 = Release|x64
		Release|x86 = Release|x86
	EndGlobalSection
	GlobalSection(ProjectConfigurationPlatforms) = postSolution
		{EE21FA70-D5B1-4C46-A8C8-E7B0F577AC4C}.Debug|Any CPU.ActiveCfg = Debug|x86
		{EE21FA70-D5B1-4C46-A8C8-E7B0F577AC4C}.Debug|Any CPU.Build.0 = Debug|x86
		{EE21FA70-D5B1-4C46-A8C8-E7B0F577AC4C}.Debug|Any CPU.Deploy.0 = Debug|x86
		{EE21FA70-D5B1-4C46-A8C8-E7B0F577AC4C}.Debug|ARM.ActiveCfg = Debug|ARM
		{EE21FA70-D5B1-4C46-A8C8-E7B0F577AC4C}.Debug|ARM.Build.0 = Debug|ARM
		{EE21FA70-D5B1-4C46-A8C8-E7B0F577AC4C}.Debug|ARM.Deploy.0 = Debug|ARM
		{EE21FA70-D5B1-4C46-A8C8-E7B0F577AC4C}.Debug|x64.ActiveCfg = Debug|x64
		{EE21FA70-D5B1-4C46-A8C8-E7B0F577AC4C}.Debug|x64.Build.0 = Debug|x64
		{EE21FA70-D5B1-4C46-A8C8-E7B0F577AC4C}.Debug|x64.Deploy.0 = Debug|x64
		{EE21FA70-D5B1-4C46-A8C8-E7B0F577AC4C}.Debug|x86.ActiveCfg = Debug|x86
		{EE21FA70-D5B1-4C46-A8C8-E7B0F577AC4C}.Debug|x86.Build.0 = Debug|x86
		{EE21FA70-D5B1-4C46-A8C8-E7B0F577AC4C}.Debug|x86.Deploy.0 = Debug|x86
		{EE21FA70-D5B1-4C46-A8C8-E7B0F577AC4C}.Release|Any CPU.ActiveCfg = Release|x86
		{EE21FA70-D5B1-4C46-A8C8-E7B0F577AC4C}.Release|ARM.ActiveCfg = Release|ARM
		{EE21FA70-D5B1-4C46-A8C8-E7B0F577AC4C}.Release|ARM.Build.0 = Release|ARM
		{EE21FA70-D5B1-4C46-A8C8-E7B0F577AC4C}.Release|ARM.Deploy.0 = Release|ARM
		{EE21FA70-D5B1-4C46-A8C8-E7B0F577AC4C}.Release|x64.ActiveCfg = Release|x64
		{EE21FA70-D5B1-4C46-A8C8-E7B0F577AC4C}.Release|x64.Build.0 = Release|x64
		{EE21FA70-D5B1-4C46-A8C8-E7B0F577AC4C}.Release|x64.Deploy.0 = Release|x64
		{EE21FA70-D5B1-4C46-A8C8-E7B0F577AC4C}.Release|x86.ActiveCfg = Release|x86
		{EE21FA70-D5B1-4C46-A8C8-E7B0F577AC4C}.Release|x86.Build.0 = Release|x86
		{EE21FA70-D5B1-4C46-A8C8-E7B0F577AC4C}.Release|x86.Deploy.0 = Release|x86
		{A1346E76-052C-4CA6-82D9-343A9372E5CF}.Debug|Any CPU.ActiveCfg = Debug|Any CPU
		{A1346E76-052C-4CA6-82D9-343A9372E5CF}.Debug|Any CPU.Build.0 = Debug|Any CPU
		{A1346E76-052C-4CA6-82D9-343A9372E5CF}.Debug|ARM.ActiveCfg = Debug|Any CPU
		{A1346E76-052C-4CA6-82D9-343A9372E5CF}.Debug|ARM.Build.0 = Debug|Any CPU
		{A1346E76-052C-4CA6-82D9-343A9372E5CF}.Debug|x64.ActiveCfg = Debug|Any CPU
		{A1346E76-052C-4CA6-82D9-343A9372E5CF}.Debug|x64.Build.0 = Debug|Any CPU
		{A1346E76-052C-4CA6-82D9-343A9372E5CF}.Debug|x86.ActiveCfg = Debug|Any CPU
		{A1346E76-052C-4CA6-82D9-343A9372E5CF}.Debug|x86.Build.0 = Debug|Any CPU
		{A1346E76-052C-4CA6-82D9-343A9372E5CF}.Release|Any CPU.ActiveCfg = Release|Any CPU
		{A1346E76-052C-4CA6-82D9-343A9372E5CF}.Release|Any CPU.Build.0 = Release|Any CPU
		{A1346E76-052C-4CA6-82D9-343A9372E5CF}.Release|ARM.ActiveCfg = Release|Any CPU
		{A1346E76-052C-4CA6-82D9-343A9372E5CF}.Release|ARM.Build.0 = Release|Any CPU
		{A1346E76-052C-4CA6-82D9-343A9372E5CF}.Release|x64.ActiveCfg = Release|Any CPU
		{A1346E76-052C-4CA6-82D9-343A9372E5CF}.Release|x64.Build.0 = Release|Any CPU
		{A1346E76-052C-4CA6-82D9-343A9372E5CF}.Release|x86.ActiveCfg = Release|Any CPU
		{A1346E76-052C-4CA6-82D9-343A9372E5CF}.Release|x86.Build.0 = Release|Any CPU
	EndGlobalSection
	GlobalSection(SolutionProperties) = preSolution
		HideSolutionNode = FALSE
	EndGlobalSection
	GlobalSection(ExtensibilityGlobals) = postSolution
		SolutionGuid = {D8C5C794-D002-4E6B-98EA-760289A63F86}
	EndGlobalSection
EndGlobal
